
Microsoft Visual Studio Solution File, Format Version 12.00
# Visual Studio Version 16
VisualStudioVersion = 16.0.30413.136
MinimumVisualStudioVersion = 10.0.40219.1
Project("{FAE04EC0-301F-11D3-BF4B-00C04F79EFBC}") = "DxUltimate.RichToolTipDemo", "DxUltimate.RichToolTipDemo\DxUltimate.RichToolTipDemo.csproj", "{A89F06E9-A29D-4F50-910A-1FAA865850A2}"
EndProject
Project("{FAE04EC0-301F-11D3-BF4B-00C04F79EFBC}") = "DxUltimate.RichToolTip", "DxUltimate.RichToolTip\DxUltimate.RichToolTip.csproj", "{82933EFB-71D6-4038-8FA5-228AA91730E3}"
EndProject
Global
	GlobalSection(SolutionConfigurationPlatforms) = preSolution
		Debug|Any CPU = Debug|Any CPU
		Release|Any CPU = Release|Any CPU
	EndGlobalSection
	GlobalSection(ProjectConfigurationPlatforms) = postSolution
		{A89F06E9-A29D-4F50-910A-1FAA865850A2}.Debug|Any CPU.ActiveCfg = Debug|Any CPU
		{A89F06E9-A29D-4F50-910A-1FAA865850A2}.Debug|Any CPU.Build.0 = Debug|Any CPU
		{A89F06E9-A29D-4F50-910A-1FAA865850A2}.Release|Any CPU.ActiveCfg = Release|Any CPU
		{A89F06E9-A29D-4F50-910A-1FAA865850A2}.Release|Any CPU.Build.0 = Release|Any CPU
		{82933EFB-71D6-4038-8FA5-228AA91730E3}.Debug|Any CPU.ActiveCfg = Debug|Any CPU
		{82933EFB-71D6-4038-8FA5-228AA91730E3}.Debug|Any CPU.Build.0 = Debug|Any CPU
		{82933EFB-71D6-4038-8FA5-228AA91730E3}.Release|Any CPU.ActiveCfg = Release|Any CPU
		{82933EFB-71D6-4038-8FA5-228AA91730E3}.Release|Any CPU.Build.0 = Release|Any CPU
	EndGlobalSection
	GlobalSection(SolutionProperties) = preSolution
		HideSolutionNode = FALSE
	EndGlobalSection
	GlobalSection(ExtensibilityGlobals) = postSolution
		SolutionGuid = {FF361728-74A5-4BB6-94DB-0B3091BFA082}
	EndGlobalSection
EndGlobal
